{
  "scripts": {
    "dev": "vite",
    "build": "vite build",
    "build:web": "cross-env VITE_TARGET=web vite build",
    "build:electron": "cross-env VITE_TARGET=electron vite build",
    "preview": "vite preview",
    "preview:web": "vite preview --base=/ga68/ --port 4173 --strictPort --open",
    "deploy": "gh-pages -d dist"
  },
  "devDependencies": {
    "@vitejs/plugin-react": "^5.1.2",
    "cross-env": "^10.1.0",
    "gh-pages": "^6.3.0",
    "main": "^1000.0.1",
    "vite": "^7.3.0"
  },
  "dependencies": {
    "react": "^18.3.1",
    "react-dom": "^18.3.1"
  }
}
